
Microsoft Visual Studio Solution File, Format Version 12.00
# Visual Studio Version 17
VisualStudioVersion = 17.7.34221.43
MinimumVisualStudioVersion = 10.0.40219.1
Project("{FAE04EC0-301F-11D3-BF4B-00C04F79EFBC}") = "Soal BLQ", "Soal BLQ.csproj", "{B5A36BC6-922D-46F5-AD58-9E9662F7D45E}"
EndProject
Global
	GlobalSection(SolutionConfigurationPlatforms) = preSolution
		Debug|Any CPU = Debug|Any CPU
		Release|Any CPU = Release|Any CPU
	EndGlobalSection
	GlobalSection(ProjectConfigurationPlatforms) = postSolution
		{B5A36BC6-922D-46F5-AD58-9E9662F7D45E}.Debug|Any CPU.ActiveCfg = Debug|Any CPU
		{B5A36BC6-922D-46F5-AD58-9E9662F7D45E}.Debug|Any CPU.Build.0 = Debug|Any CPU
		{B5A36BC6-922D-46F5-AD58-9E9662F7D45E}.Release|Any CPU.ActiveCfg = Release|Any CPU
		{B5A36BC6-922D-46F5-AD58-9E9662F7D45E}.Release|Any CPU.Build.0 = Release|Any CPU
	EndGlobalSection
	GlobalSection(SolutionProperties) = preSolution
		HideSolutionNode = FALSE
	EndGlobalSection
	GlobalSection(ExtensibilityGlobals) = postSolution
		SolutionGuid = {1E9E772E-7503-46BB-A161-426495869997}
	EndGlobalSection
EndGlobal
